// !$*UTF8*$!
{
	archiveVersion = 1;
	classes = {
	};
	objectVersion = 48;
	objects = {

/* Begin PBXBuildFile section */
		C423C6D8208594CF00DF6C1D /* AddPlanViewController.swift in Sources */ = {isa = PBXBuildFile; fileRef = C423C6D7208594CF00DF6C1D /* AddPlanViewController.swift */; };
		C423C6E0208597B900DF6C1D /* MemberTableViewCell.swift in Sources */ = {isa = PBXBuildFile; fileRef = C423C6DF208597B900DF6C1D /* MemberTableViewCell.swift */; };
		C46720792067F84B00FDAA91 /* DetailViewController.swift in Sources */ = {isa = PBXBuildFile; fileRef = C46720782067F84B00FDAA91 /* DetailViewController.swift */; };
		C467207D2068427B00FDAA91 /* PayDetailViewController.swift in Sources */ = {isa = PBXBuildFile; fileRef = C467207C2068427B00FDAA91 /* PayDetailViewController.swift */; };
		C467207F2068439A00FDAA91 /* AddPaymentViewController.swift in Sources */ = {isa = PBXBuildFile; fileRef = C467207E2068439A00FDAA91 /* AddPaymentViewController.swift */; };
		C47EBACF2065F77F007B1AC6 /* AppDelegate.swift in Sources */ = {isa = PBXBuildFile; fileRef = C47EBACE2065F77F007B1AC6 /* AppDelegate.swift */; };
		C47EBAD12065F77F007B1AC6 /* HomeViewController.swift in Sources */ = {isa = PBXBuildFile; fileRef = C47EBAD02065F77F007B1AC6 /* HomeViewController.swift */; };
		C47EBAD42065F77F007B1AC6 /* Main.storyboard in Resources */ = {isa = PBXBuildFile; fileRef = C47EBAD22065F77F007B1AC6 /* Main.storyboard */; };
		C47EBAD72065F77F007B1AC6 /* CoreDataTest.xcdatamodeld in Sources */ = {isa = PBXBuildFile; fileRef = C47EBAD52065F77F007B1AC6 /* CoreDataTest.xcdatamodeld */; };
		C47EBAD92065F77F007B1AC6 /* Assets.xcassets in Resources */ = {isa = PBXBuildFile; fileRef = C47EBAD82065F77F007B1AC6 /* Assets.xcassets */; };
		C47EBADC2065F77F007B1AC6 /* LaunchScreen.storyboard in Resources */ = {isa = PBXBuildFile; fileRef = C47EBADA2065F77F007B1AC6 /* LaunchScreen.storyboard */; };
		C4EA848520868ED1006A98BF /* PaymentTableViewCell.swift in Sources */ = {isa = PBXBuildFile; fileRef = C4EA848420868ED1006A98BF /* PaymentTableViewCell.swift */; };
		C4EA84872087D0AF006A98BF /* EditPlanViewController.swift in Sources */ = {isa = PBXBuildFile; fileRef = C4EA84862087D0AF006A98BF /* EditPlanViewController.swift */; };
		C4F1AE34208830AD001E7C8E /* Member+CoreDataClass.swift in Sources */ = {isa = PBXBuildFile; fileRef = C4F1AE2C208830AD001E7C8E /* Member+CoreDataClass.swift */; };
		C4F1AE35208830AD001E7C8E /* Member+CoreDataProperties.swift in Sources */ = {isa = PBXBuildFile; fileRef = C4F1AE2D208830AD001E7C8E /* Member+CoreDataProperties.swift */; };
		C4F1AE36208830AD001E7C8E /* MemberPay+CoreDataClass.swift in Sources */ = {isa = PBXBuildFile; fileRef = C4F1AE2E208830AD001E7C8E /* MemberPay+CoreDataClass.swift */; };
		C4F1AE37208830AD001E7C8E /* MemberPay+CoreDataProperties.swift in Sources */ = {isa = PBXBuildFile; fileRef = C4F1AE2F208830AD001E7C8E /* MemberPay+CoreDataProperties.swift */; };
		C4F1AE38208830AD001E7C8E /* Pay+CoreDataClass.swift in Sources */ = {isa = PBXBuildFile; fileRef = C4F1AE30208830AD001E7C8E /* Pay+CoreDataClass.swift */; };
		C4F1AE39208830AD001E7C8E /* Pay+CoreDataProperties.swift in Sources */ = {isa = PBXBuildFile; fileRef = C4F1AE31208830AD001E7C8E /* Pay+CoreDataProperties.swift */; };
		C4F1AE3A208830AD001E7C8E /* PlanList+CoreDataClass.swift in Sources */ = {isa = PBXBuildFile; fileRef = C4F1AE32208830AD001E7C8E /* PlanList+CoreDataClass.swift */; };
		C4F1AE3B208830AD001E7C8E /* PlanList+CoreDataProperties.swift in Sources */ = {isa = PBXBuildFile; fileRef = C4F1AE33208830AD001E7C8E /* PlanList+CoreDataProperties.swift */; };
/* End PBXBuildFile section */

/* Begin PBXFileReference section */
		C423C6D7208594CF00DF6C1D /* AddPlanViewController.swift */ = {isa = PBXFileReference; lastKnownFileType = sourcecode.swift; path = AddPlanViewController.swift; sourceTree = "<group>"; };
		C423C6DF208597B900DF6C1D /* MemberTableViewCell.swift */ = {isa = PBXFileReference; lastKnownFileType = sourcecode.swift; path = MemberTableViewCell.swift; sourceTree = "<group>"; };
		C46720782067F84B00FDAA91 /* DetailViewController.swift */ = {isa = PBXFileReference; lastKnownFileType = sourcecode.swift; path = DetailViewController.swift; sourceTree = "<group>"; };
		C467207C2068427B00FDAA91 /* PayDetailViewController.swift */ = {isa = PBXFileReference; lastKnownFileType = sourcecode.swift; path = PayDetailViewController.swift; sourceTree = "<group>"; };
		C467207E2068439A00FDAA91 /* AddPaymentViewController.swift */ = {isa = PBXFileReference; lastKnownFileType = sourcecode.swift; path = AddPaymentViewController.swift; sourceTree = "<group>"; };
		C47EBACB2065F77F007B1AC6 /* CoreDataTest.app */ = {isa = PBXFileReference; explicitFileType = wrapper.application; includeInIndex = 0; path = CoreDataTest.app; sourceTree = BUILT_PRODUCTS_DIR; };
		C47EBACE2065F77F007B1AC6 /* AppDelegate.swift */ = {isa = PBXFileReference; lastKnownFileType = sourcecode.swift; path = AppDelegate.swift; sourceTree = "<group>"; };
		C47EBAD02065F77F007B1AC6 /* HomeViewController.swift */ = {isa = PBXFileReference; lastKnownFileType = sourcecode.swift; path = HomeViewController.swift; sourceTree = "<group>"; };
		C47EBAD32065F77F007B1AC6 /* Base */ = {isa = PBXFileReference; lastKnownFileType = file.storyboard; name = Base; path = Base.lproj/Main.storyboard; sourceTree = "<group>"; };
		C47EBAD62065F77F007B1AC6 /* CoreDataTest.xcdatamodel */ = {isa = PBXFileReference; lastKnownFileType = wrapper.xcdatamodel; path = CoreDataTest.xcdatamodel; sourceTree = "<group>"; };
		C47EBAD82065F77F007B1AC6 /* Assets.xcassets */ = {isa = PBXFileReference; lastKnownFileType = folder.assetcatalog; path = Assets.xcassets; sourceTree = "<group>"; };
		C47EBADB2065F77F007B1AC6 /* Base */ = {isa = PBXFileReference; lastKnownFileType = file.storyboard; name = Base; path = Base.lproj/LaunchScreen.storyboard; sourceTree = "<group>"; };
		C47EBADD2065F77F007B1AC6 /* Info.plist */ = {isa = PBXFileReference; lastKnownFileType = text.plist.xml; path = Info.plist; sourceTree = "<group>"; };
		C4EA848420868ED1006A98BF /* PaymentTableViewCell.swift */ = {isa = PBXFileReference; lastKnownFileType = sourcecode.swift; path = PaymentTableViewCell.swift; sourceTree = "<group>"; };
		C4EA84862087D0AF006A98BF /* EditPlanViewController.swift */ = {isa = PBXFileReference; lastKnownFileType = sourcecode.swift; path = EditPlanViewController.swift; sourceTree = "<group>"; };
		C4F1AE2C208830AD001E7C8E /* Member+CoreDataClass.swift */ = {isa = PBXFileReference; lastKnownFileType = sourcecode.swift; path = "Member+CoreDataClass.swift"; sourceTree = "<group>"; };
		C4F1AE2D208830AD001E7C8E /* Member+CoreDataProperties.swift */ = {isa = PBXFileReference; lastKnownFileType = sourcecode.swift; path = "Member+CoreDataProperties.swift"; sourceTree = "<group>"; };
		C4F1AE2E208830AD001E7C8E /* MemberPay+CoreDataClass.swift */ = {isa = PBXFileReference; lastKnownFileType = sourcecode.swift; path = "MemberPay+CoreDataClass.swift"; sourceTree = "<group>"; };
		C4F1AE2F208830AD001E7C8E /* MemberPay+CoreDataProperties.swift */ = {isa = PBXFileReference; lastKnownFileType = sourcecode.swift; path = "MemberPay+CoreDataProperties.swift"; sourceTree = "<group>"; };
		C4F1AE30208830AD001E7C8E /* Pay+CoreDataClass.swift */ = {isa = PBXFileReference; lastKnownFileType = sourcecode.swift; path = "Pay+CoreDataClass.swift"; sourceTree = "<group>"; };
		C4F1AE31208830AD001E7C8E /* Pay+CoreDataProperties.swift */ = {isa = PBXFileReference; lastKnownFileType = sourcecode.swift; path = "Pay+CoreDataProperties.swift"; sourceTree = "<group>"; };
		C4F1AE32208830AD001E7C8E /* PlanList+CoreDataClass.swift */ = {isa = PBXFileReference; lastKnownFileType = sourcecode.swift; path = "PlanList+CoreDataClass.swift"; sourceTree = "<group>"; };
		C4F1AE33208830AD001E7C8E /* PlanList+CoreDataProperties.swift */ = {isa = PBXFileReference; lastKnownFileType = sourcecode.swift; path = "PlanList+CoreDataProperties.swift"; sourceTree = "<group>"; };
/* End PBXFileReference section */

/* Begin PBXFrameworksBuildPhase section */
		C47EBAC82065F77F007B1AC6 /* Frameworks */ = {
			isa = PBXFrameworksBuildPhase;
			buildActionMask = 2147483647;
			files = (
			);
			runOnlyForDeploymentPostprocessing = 0;
		};
/* End PBXFrameworksBuildPhase section */

/* Begin PBXGroup section */
		C423C6C520856F6B00DF6C1D /* Data Model */ = {
			isa = PBXGroup;
			children = (
				C47EBAD52065F77F007B1AC6 /* CoreDataTest.xcdatamodeld */,
			);
			path = "Data Model";
			sourceTree = "<group>";
		};
		C423C6C620856FAD00DF6C1D /* Controller */ = {
			isa = PBXGroup;
			children = (
				C4EA849C20882F28006A98BF /* Pay */,
				C4EA848A20881EAA006A98BF /* Plan */,
			);
			path = Controller;
			sourceTree = "<group>";
		};
		C423C6C720856FB600DF6C1D /* View */ = {
			isa = PBXGroup;
			children = (
				C4EA848B20881EF7006A98BF /* Cell */,
			);
			path = View;
			sourceTree = "<group>";
		};
		C423C6C820856FC600DF6C1D /* Support File */ = {
			isa = PBXGroup;
			children = (
			);
			path = "Support File";
			sourceTree = "<group>";
		};
		C47EBAC22065F77F007B1AC6 = {
			isa = PBXGroup;
			children = (
				C4F1AE2C208830AD001E7C8E /* Member+CoreDataClass.swift */,
				C4F1AE2D208830AD001E7C8E /* Member+CoreDataProperties.swift */,
				C4F1AE2E208830AD001E7C8E /* MemberPay+CoreDataClass.swift */,
				C4F1AE2F208830AD001E7C8E /* MemberPay+CoreDataProperties.swift */,
				C4F1AE30208830AD001E7C8E /* Pay+CoreDataClass.swift */,
				C4F1AE31208830AD001E7C8E /* Pay+CoreDataProperties.swift */,
				C4F1AE32208830AD001E7C8E /* PlanList+CoreDataClass.swift */,
				C4F1AE33208830AD001E7C8E /* PlanList+CoreDataProperties.swift */,
				C47EBACD2065F77F007B1AC6 /* CoreDataTest */,
				C47EBACC2065F77F007B1AC6 /* Products */,
			);
			sourceTree = "<group>";
		};
		C47EBACC2065F77F007B1AC6 /* Products */ = {
			isa = PBXGroup;
			children = (
				C47EBACB2065F77F007B1AC6 /* CoreDataTest.app */,
			);
			name = Products;
			sourceTree = "<group>";
		};
		C47EBACD2065F77F007B1AC6 /* CoreDataTest */ = {
			isa = PBXGroup;
			children = (
				C47EBAD82065F77F007B1AC6 /* Assets.xcassets */,
				C47EBADA2065F77F007B1AC6 /* LaunchScreen.storyboard */,
				C47EBADD2065F77F007B1AC6 /* Info.plist */,
				C423C6C820856FC600DF6C1D /* Support File */,
				C423C6C720856FB600DF6C1D /* View */,
				C423C6C620856FAD00DF6C1D /* Controller */,
				C423C6C520856F6B00DF6C1D /* Data Model */,
				C47EBACE2065F77F007B1AC6 /* AppDelegate.swift */,
				C47EBAD22065F77F007B1AC6 /* Main.storyboard */,
			);
			path = CoreDataTest;
			sourceTree = "<group>";
		};
		C4EA848A20881EAA006A98BF /* Plan */ = {
			isa = PBXGroup;
			children = (
				C47EBAD02065F77F007B1AC6 /* HomeViewController.swift */,
				C423C6D7208594CF00DF6C1D /* AddPlanViewController.swift */,
				C4EA84862087D0AF006A98BF /* EditPlanViewController.swift */,
			);
			path = Plan;
			sourceTree = "<group>";
		};
		C4EA848B20881EF7006A98BF /* Cell */ = {
			isa = PBXGroup;
			children = (
				C423C6DF208597B900DF6C1D /* MemberTableViewCell.swift */,
				C4EA848420868ED1006A98BF /* PaymentTableViewCell.swift */,
			);
			path = Cell;
			sourceTree = "<group>";
		};
		C4EA849C20882F28006A98BF /* Pay */ = {
			isa = PBXGroup;
			children = (
				C46720782067F84B00FDAA91 /* DetailViewController.swift */,
				C467207C2068427B00FDAA91 /* PayDetailViewController.swift */,
				C467207E2068439A00FDAA91 /* AddPaymentViewController.swift */,
			);
			path = Pay;
			sourceTree = "<group>";
		};
/* End PBXGroup section */

/* Begin PBXNativeTarget section */
		C47EBACA2065F77F007B1AC6 /* CoreDataTest */ = {
			isa = PBXNativeTarget;
			buildConfigurationList = C47EBAE02065F77F007B1AC6 /* Build configuration list for PBXNativeTarget "CoreDataTest" */;
			buildPhases = (
				C47EBAC72065F77F007B1AC6 /* Sources */,
				C47EBAC82065F77F007B1AC6 /* Frameworks */,
				C47EBAC92065F77F007B1AC6 /* Resources */,
			);
			buildRules = (
			);
			dependencies = (
			);
			name = CoreDataTest;
			productName = CoreDataTest;
			productReference = C47EBACB2065F77F007B1AC6 /* CoreDataTest.app */;
			productType = "com.apple.product-type.application";
		};
/* End PBXNativeTarget section */

/* Begin PBXProject section */
		C47EBAC32065F77F007B1AC6 /* Project object */ = {
			isa = PBXProject;
			attributes = {
				LastSwiftUpdateCheck = 0920;
				LastUpgradeCheck = 0920;
				ORGANIZATIONNAME = "Jiawei Zhou";
				TargetAttributes = {
					C47EBACA2065F77F007B1AC6 = {
						CreatedOnToolsVersion = 9.2;
						ProvisioningStyle = Automatic;
					};
				};
			};
			buildConfigurationList = C47EBAC62065F77F007B1AC6 /* Build configuration list for PBXProject "CoreDataTest" */;
			compatibilityVersion = "Xcode 8.0";
			developmentRegion = en;
			hasScannedForEncodings = 0;
			knownRegions = (
				en,
				Base,
			);
			mainGroup = C47EBAC22065F77F007B1AC6;
			productRefGroup = C47EBACC2065F77F007B1AC6 /* Products */;
			projectDirPath = "";
			projectRoot = "";
			targets = (
				C47EBACA2065F77F007B1AC6 /* CoreDataTest */,
			);
		};
/* End PBXProject section */

/* Begin PBXResourcesBuildPhase section */
		C47EBAC92065F77F007B1AC6 /* Resources */ = {
			isa = PBXResourcesBuildPhase;
			buildActionMask = 2147483647;
			files = (
				C47EBADC2065F77F007B1AC6 /* LaunchScreen.storyboard in Resources */,
				C47EBAD92065F77F007B1AC6 /* Assets.xcassets in Resources */,
				C47EBAD42065F77F007B1AC6 /* Main.storyboard in Resources */,
			);
			runOnlyForDeploymentPostprocessing = 0;
		};
/* End PBXResourcesBuildPhase section */

/* Begin PBXSourcesBuildPhase section */
		C47EBAC72065F77F007B1AC6 /* Sources */ = {
			isa = PBXSourcesBuildPhase;
			buildActionMask = 2147483647;
			files = (
				C4F1AE38208830AD001E7C8E /* Pay+CoreDataClass.swift in Sources */,
				C467207F2068439A00FDAA91 /* AddPaymentViewController.swift in Sources */,
				C47EBAD12065F77F007B1AC6 /* HomeViewController.swift in Sources */,
				C47EBAD72065F77F007B1AC6 /* CoreDataTest.xcdatamodeld in Sources */,
				C4F1AE35208830AD001E7C8E /* Member+CoreDataProperties.swift in Sources */,
				C423C6D8208594CF00DF6C1D /* AddPlanViewController.swift in Sources */,
				C467207D2068427B00FDAA91 /* PayDetailViewController.swift in Sources */,
				C4EA84872087D0AF006A98BF /* EditPlanViewController.swift in Sources */,
				C4F1AE37208830AD001E7C8E /* MemberPay+CoreDataProperties.swift in Sources */,
				C423C6E0208597B900DF6C1D /* MemberTableViewCell.swift in Sources */,
				C4F1AE3B208830AD001E7C8E /* PlanList+CoreDataProperties.swift in Sources */,
				C46720792067F84B00FDAA91 /* DetailViewController.swift in Sources */,
				C4F1AE36208830AD001E7C8E /* MemberPay+CoreDataClass.swift in Sources */,
				C4F1AE39208830AD001E7C8E /* Pay+CoreDataProperties.swift in Sources */,
				C4F1AE34208830AD001E7C8E /* Member+CoreDataClass.swift in Sources */,
				C47EBACF2065F77F007B1AC6 /* AppDelegate.swift in Sources */,
				C4F1AE3A208830AD001E7C8E /* PlanList+CoreDataClass.swift in Sources */,
				C4EA848520868ED1006A98BF /* PaymentTableViewCell.swift in Sources */,
			);
			runOnlyForDeploymentPostprocessing = 0;
		};
/* End PBXSourcesBuildPhase section */

/* Begin PBXVariantGroup section */
		C47EBAD22065F77F007B1AC6 /* Main.storyboard */ = {
			isa = PBXVariantGroup;
			children = (
				C47EBAD32065F77F007B1AC6 /* Base */,
			);
			name = Main.storyboard;
			sourceTree = "<group>";
		};
		C47EBADA2065F77F007B1AC6 /* LaunchScreen.storyboard */ = {
			isa = PBXVariantGroup;
			children = (
				C47EBADB2065F77F007B1AC6 /* Base */,
			);
			name = LaunchScreen.storyboard;
			sourceTree = "<group>";
		};
/* End PBXVariantGroup section */

/* Begin XCBuildConfiguration section */
		C47EBADE2065F77F007B1AC6 /* Debug */ = {
			isa = XCBuildConfiguration;
			buildSettings = {
				ALWAYS_SEARCH_USER_PATHS = NO;
				CLANG_ANALYZER_NONNULL = YES;
				CLANG_ANALYZER_NUMBER_OBJECT_CONVERSION = YES_AGGRESSIVE;
				CLANG_CXX_LANGUAGE_STANDARD = "gnu++14";
				CLANG_CXX_LIBRARY = "libc++";
				CLANG_ENABLE_MODULES = YES;
				CLANG_ENABLE_OBJC_ARC = YES;
				CLANG_WARN_BLOCK_CAPTURE_AUTORELEASING = YES;
				CLANG_WARN_BOOL_CONVERSION = YES;
				CLANG_WARN_COMMA = YES;
				CLANG_WARN_CONSTANT_CONVERSION = YES;
				CLANG_WARN_DIRECT_OBJC_ISA_USAGE = YES_ERROR;
				CLANG_WARN_DOCUMENTATION_COMMENTS = YES;
				CLANG_WARN_EMPTY_BODY = YES;
				CLANG_WARN_ENUM_CONVERSION = YES;
				CLANG_WARN_INFINITE_RECURSION = YES;
				CLANG_WARN_INT_CONVERSION = YES;
				CLANG_WARN_NON_LITERAL_NULL_CONVERSION = YES;
				CLANG_WARN_OBJC_LITERAL_CONVERSION = YES;
				CLANG_WARN_OBJC_ROOT_CLASS = YES_ERROR;
				CLANG_WARN_RANGE_LOOP_ANALYSIS = YES;
				CLANG_WARN_STRICT_PROTOTYPES = YES;
				CLANG_WARN_SUSPICIOUS_MOVE = YES;
				CLANG_WARN_UNGUARDED_AVAILABILITY = YES_AGGRESSIVE;
				CLANG_WARN_UNREACHABLE_CODE = YES;
				CLANG_WARN__DUPLICATE_METHOD_MATCH = YES;
				CODE_SIGN_IDENTITY = "iPhone Developer";
				COPY_PHASE_STRIP = NO;
				DEBUG_INFORMATION_FORMAT = dwarf;
				ENABLE_STRICT_OBJC_MSGSEND = YES;
				ENABLE_TESTABILITY = YES;
				GCC_C_LANGUAGE_STANDARD = gnu11;
				GCC_DYNAMIC_NO_PIC = NO;
				GCC_NO_COMMON_BLOCKS = YES;
				GCC_OPTIMIZATION_LEVEL = 0;
				GCC_PREPROCESSOR_DEFINITIONS = (
					"DEBUG=1",
					"$(inherited)",
				);
				GCC_WARN_64_TO_32_BIT_CONVERSION = YES;
				GCC_WARN_ABOUT_RETURN_TYPE = YES_ERROR;
				GCC_WARN_UNDECLARED_SELECTOR = YES;
				GCC_WARN_UNINITIALIZED_AUTOS = YES_AGGRESSIVE;
				GCC_WARN_UNUSED_FUNCTION = YES;
				GCC_WARN_UNUSED_VARIABLE = YES;
				IPHONEOS_DEPLOYMENT_TARGET = 11.2;
				MTL_ENABLE_DEBUG_INFO = YES;
				ONLY_ACTIVE_ARCH = YES;
				SDKROOT = iphoneos;
				SWIFT_ACTIVE_COMPILATION_CONDITIONS = DEBUG;
				SWIFT_OPTIMIZATION_LEVEL = "-Onone";
			};
			name = Debug;
		};
		C47EBADF2065F77F007B1AC6 /* Release */ = {
			isa = XCBuildConfiguration;
			buildSettings = {
				ALWAYS_SEARCH_USER_PATHS = NO;
				CLANG_ANALYZER_NONNULL = YES;
				CLANG_ANALYZER_NUMBER_OBJECT_CONVERSION = YES_AGGRESSIVE;
				CLANG_CXX_LANGUAGE_STANDARD = "gnu++14";
				CLANG_CXX_LIBRARY = "libc++";
				CLANG_ENABLE_MODULES = YES;
				CLANG_ENABLE_OBJC_ARC = YES;
				CLANG_WARN_BLOCK_CAPTURE_AUTORELEASING = YES;
				CLANG_WARN_BOOL_CONVERSION = YES;
				CLANG_WARN_COMMA = YES;
				CLANG_WARN_CONSTANT_CONVERSION = YES;
				CLANG_WARN_DIRECT_OBJC_ISA_USAGE = YES_ERROR;
				CLANG_WARN_DOCUMENTATION_COMMENTS = YES;
				CLANG_WARN_EMPTY_BODY = YES;
				CLANG_WARN_ENUM_CONVERSION = YES;
				CLANG_WARN_INFINITE_RECURSION = YES;
				CLANG_WARN_INT_CONVERSION = YES;
				CLANG_WARN_NON_LITERAL_NULL_CONVERSION = YES;
				CLANG_WARN_OBJC_LITERAL_CONVERSION = YES;
				CLANG_WARN_OBJC_ROOT_CLASS = YES_ERROR;
				CLANG_WARN_RANGE_LOOP_ANALYSIS = YES;
				CLANG_WARN_STRICT_PROTOTYPES = YES;
				CLANG_WARN_SUSPICIOUS_MOVE = YES;
				CLANG_WARN_UNGUARDED_AVAILABILITY = YES_AGGRESSIVE;
				CLANG_WARN_UNREACHABLE_CODE = YES;
				CLANG_WARN__DUPLICATE_METHOD_MATCH = YES;
				CODE_SIGN_IDENTITY = "iPhone Developer";
				COPY_PHASE_STRIP = NO;
				DEBUG_INFORMATION_FORMAT = "dwarf-with-dsym";
				ENABLE_NS_ASSERTIONS = NO;
				ENABLE_STRICT_OBJC_MSGSEND = YES;
				GCC_C_LANGUAGE_STANDARD = gnu11;
				GCC_NO_COMMON_BLOCKS = YES;
				GCC_WARN_64_TO_32_BIT_CONVERSION = YES;
				GCC_WARN_ABOUT_RETURN_TYPE = YES_ERROR;
				GCC_WARN_UNDECLARED_SELECTOR = YES;
				GCC_WARN_UNINITIALIZED_AUTOS = YES_AGGRESSIVE;
				GCC_WARN_UNUSED_FUNCTION = YES;
				GCC_WARN_UNUSED_VARIABLE = YES;
				IPHONEOS_DEPLOYMENT_TARGET = 11.2;
				MTL_ENABLE_DEBUG_INFO = NO;
				SDKROOT = iphoneos;
				SWIFT_OPTIMIZATION_LEVEL = "-Owholemodule";
				VALIDATE_PRODUCT = YES;
			};
			name = Release;
		};
		C47EBAE12065F77F007B1AC6 /* Debug */ = {
			isa = XCBuildConfiguration;
			buildSettings = {
				ASSETCATALOG_COMPILER_APPICON_NAME = AppIcon;
				CODE_SIGN_STYLE = Automatic;
				INFOPLIST_FILE = CoreDataTest/Info.plist;
				IPHONEOS_DEPLOYMENT_TARGET = 10.0;
				LD_RUNPATH_SEARCH_PATHS = "$(inherited) @executable_path/Frameworks";
				PRODUCT_BUNDLE_IDENTIFIER = com.jzdevelopment.CoreDataTest;
				PRODUCT_NAME = "$(TARGET_NAME)";
				SWIFT_VERSION = 4.0;
				TARGETED_DEVICE_FAMILY = "1,2";
			};
			name = Debug;
		};
		C47EBAE22065F77F007B1AC6 /* Release */ = {
			isa = XCBuildConfiguration;
			buildSettings = {
				ASSETCATALOG_COMPILER_APPICON_NAME = AppIcon;
				CODE_SIGN_STYLE = Automatic;
				INFOPLIST_FILE = CoreDataTest/Info.plist;
				IPHONEOS_DEPLOYMENT_TARGET = 10.0;
				LD_RUNPATH_SEARCH_PATHS = "$(inherited) @executable_path/Frameworks";
				PRODUCT_BUNDLE_IDENTIFIER = com.jzdevelopment.CoreDataTest;
				PRODUCT_NAME = "$(TARGET_NAME)";
				SWIFT_VERSION = 4.0;
				TARGETED_DEVICE_FAMILY = "1,2";
			};
			name = Release;
		};
/* End XCBuildConfiguration section */

/* Begin XCConfigurationList section */
		C47EBAC62065F77F007B1AC6 /* Build configuration list for PBXProject "CoreDataTest" */ = {
			isa = XCConfigurationList;
			buildConfigurations = (
				C47EBADE2065F77F007B1AC6 /* Debug */,
				C47EBADF2065F77F007B1AC6 /* Release */,
			);
			defaultConfigurationIsVisible = 0;
			defaultConfigurationName = Release;
		};
		C47EBAE02065F77F007B1AC6 /* Build configuration list for PBXNativeTarget "CoreDataTest" */ = {
			isa = XCConfigurationList;
			buildConfigurations = (
				C47EBAE12065F77F007B1AC6 /* Debug */,
				C47EBAE22065F77F007B1AC6 /* Release */,
			);
			defaultConfigurationIsVisible = 0;
			defaultConfigurationName = Release;
		};
/* End XCConfigurationList section */

/* Begin XCVersionGroup section */
		C47EBAD52065F77F007B1AC6 /* CoreDataTest.xcdatamodeld */ = {
			isa = XCVersionGroup;
			children = (
				C47EBAD62065F77F007B1AC6 /* CoreDataTest.xcdatamodel */,
			);
			currentVersion = C47EBAD62065F77F007B1AC6 /* CoreDataTest.xcdatamodel */;
			path = CoreDataTest.xcdatamodeld;
			sourceTree = "<group>";
			versionGroupType = wrapper.xcdatamodel;
		};
/* End XCVersionGroup section */
	};
	rootObject = C47EBAC32065F77F007B1AC6 /* Project object */;
}
